
Microsoft Visual Studio Solution File, Format Version 12.00
# Visual Studio Version 16
VisualStudioVersion = 16.0.30413.136
MinimumVisualStudioVersion = 10.0.40219.1
Project("{FAE04EC0-301F-11D3-BF4B-00C04F79EFBC}") = "FlyweightPattern", "FlyweightPattern\FlyweightPattern.csproj", "{B07B5296-2DE9-439F-B37B-6456D3ED13D5}"
EndProject
Global
	GlobalSection(SolutionConfigurationPlatforms) = preSolution
		Debug|Any CPU = Debug|Any CPU
		Release|Any CPU = Release|Any CPU
	EndGlobalSection
	GlobalSection(ProjectConfigurationPlatforms) = postSolution
		{B07B5296-2DE9-439F-B37B-6456D3ED13D5}.Debug|Any CPU.ActiveCfg = Debug|Any CPU
		{B07B5296-2DE9-439F-B37B-6456D3ED13D5}.Debug|Any CPU.Build.0 = Debug|Any CPU
		{B07B5296-2DE9-439F-B37B-6456D3ED13D5}.Release|Any CPU.ActiveCfg = Release|Any CPU
		{B07B5296-2DE9-439F-B37B-6456D3ED13D5}.Release|Any CPU.Build.0 = Release|Any CPU
	EndGlobalSection
	GlobalSection(SolutionProperties) = preSolution
		HideSolutionNode = FALSE
	EndGlobalSection
	GlobalSection(ExtensibilityGlobals) = postSolution
		SolutionGuid = {70EB2DA9-045F-4CD8-97D8-A3A4BAC5AC82}
	EndGlobalSection
EndGlobal
